// !$*UTF8*$!
{
	archiveVersion = 1;
	classes = {
	};
	objectVersion = 50;
	objects = {

/* Begin PBXBuildFile section */
		EE494ADE286B11B01021A253 /* Pods_WeatherApp_.framework in Frameworks */ = {isa = PBXBuildFile; fileRef = 5198090FFB05CA2B56885386 /* Pods_WeatherApp_.framework */; };
		FB200989219CAEEF00C861DF /* AppDelegate.swift in Sources */ = {isa = PBXBuildFile; fileRef = FB200988219CAEEF00C861DF /* AppDelegate.swift */; };
		FB20098B219CAEEF00C861DF /* ViewController.swift in Sources */ = {isa = PBXBuildFile; fileRef = FB20098A219CAEEF00C861DF /* ViewController.swift */; };
		FB20098E219CAEEF00C861DF /* Main.storyboard in Resources */ = {isa = PBXBuildFile; fileRef = FB20098C219CAEEF00C861DF /* Main.storyboard */; };
		FB200990219CAEF000C861DF /* Assets.xcassets in Resources */ = {isa = PBXBuildFile; fileRef = FB20098F219CAEF000C861DF /* Assets.xcassets */; };
		FB200993219CAEF000C861DF /* LaunchScreen.storyboard in Resources */ = {isa = PBXBuildFile; fileRef = FB200991219CAEF000C861DF /* LaunchScreen.storyboard */; };
		FBBC69DB219CB0F10003815C /* Location.swift in Sources */ = {isa = PBXBuildFile; fileRef = FBBC69DA219CB0F10003815C /* Location.swift */; };
		FBBC69DD219CB1170003815C /* APIKeys.swift in Sources */ = {isa = PBXBuildFile; fileRef = FBBC69DC219CB1170003815C /* APIKeys.swift */; };
		FBBC69DF219CB1400003815C /* API Manager.swift in Sources */ = {isa = PBXBuildFile; fileRef = FBBC69DE219CB1400003815C /* API Manager.swift */; };
/* End PBXBuildFile section */

/* Begin PBXFileReference section */
		5198090FFB05CA2B56885386 /* Pods_WeatherApp_.framework */ = {isa = PBXFileReference; explicitFileType = wrapper.framework; includeInIndex = 0; path = Pods_WeatherApp_.framework; sourceTree = BUILT_PRODUCTS_DIR; };
		76E4868E287CDDCE8DD3B478 /* Pods-WeatherApp!.release.xcconfig */ = {isa = PBXFileReference; includeInIndex = 1; lastKnownFileType = text.xcconfig; name = "Pods-WeatherApp!.release.xcconfig"; path = "Pods/Target Support Files/Pods-WeatherApp!/Pods-WeatherApp!.release.xcconfig"; sourceTree = "<group>"; };
		D774E1D18D88ACF4F382054A /* Pods-WeatherApp!.debug.xcconfig */ = {isa = PBXFileReference; includeInIndex = 1; lastKnownFileType = text.xcconfig; name = "Pods-WeatherApp!.debug.xcconfig"; path = "Pods/Target Support Files/Pods-WeatherApp!/Pods-WeatherApp!.debug.xcconfig"; sourceTree = "<group>"; };
		FB200985219CAEEF00C861DF /* WeatherApp!.app */ = {isa = PBXFileReference; explicitFileType = wrapper.application; includeInIndex = 0; path = "WeatherApp!.app"; sourceTree = BUILT_PRODUCTS_DIR; };
		FB200988219CAEEF00C861DF /* AppDelegate.swift */ = {isa = PBXFileReference; lastKnownFileType = sourcecode.swift; path = AppDelegate.swift; sourceTree = "<group>"; };
		FB20098A219CAEEF00C861DF /* ViewController.swift */ = {isa = PBXFileReference; lastKnownFileType = sourcecode.swift; path = ViewController.swift; sourceTree = "<group>"; };
		FB20098D219CAEEF00C861DF /* Base */ = {isa = PBXFileReference; lastKnownFileType = file.storyboard; name = Base; path = Base.lproj/Main.storyboard; sourceTree = "<group>"; };
		FB20098F219CAEF000C861DF /* Assets.xcassets */ = {isa = PBXFileReference; lastKnownFileType = folder.assetcatalog; path = Assets.xcassets; sourceTree = "<group>"; };
		FB200992219CAEF000C861DF /* Base */ = {isa = PBXFileReference; lastKnownFileType = file.storyboard; name = Base; path = Base.lproj/LaunchScreen.storyboard; sourceTree = "<group>"; };
		FB200994219CAEF000C861DF /* Info.plist */ = {isa = PBXFileReference; lastKnownFileType = text.plist.xml; path = Info.plist; sourceTree = "<group>"; };
		FBBC69DA219CB0F10003815C /* Location.swift */ = {isa = PBXFileReference; lastKnownFileType = sourcecode.swift; path = Location.swift; sourceTree = "<group>"; };
		FBBC69DC219CB1170003815C /* APIKeys.swift */ = {isa = PBXFileReference; lastKnownFileType = sourcecode.swift; path = APIKeys.swift; sourceTree = "<group>"; };
		FBBC69DE219CB1400003815C /* API Manager.swift */ = {isa = PBXFileReference; lastKnownFileType = sourcecode.swift; path = "API Manager.swift"; sourceTree = "<group>"; };
/* End PBXFileReference section */

/* Begin PBXFrameworksBuildPhase section */
		FB200982219CAEEF00C861DF /* Frameworks */ = {
			isa = PBXFrameworksBuildPhase;
			buildActionMask = 2147483647;
			files = (
				EE494ADE286B11B01021A253 /* Pods_WeatherApp_.framework in Frameworks */,
			);
			runOnlyForDeploymentPostprocessing = 0;
		};
/* End PBXFrameworksBuildPhase section */

/* Begin PBXGroup section */
		5FC6DF64D69CCA5DB11F011D /* Frameworks */ = {
			isa = PBXGroup;
			children = (
				5198090FFB05CA2B56885386 /* Pods_WeatherApp_.framework */,
			);
			name = Frameworks;
			sourceTree = "<group>";
		};
		FB20097C219CAEEF00C861DF = {
			isa = PBXGroup;
			children = (
				FB200987219CAEEF00C861DF /* WeatherApp! */,
				FB200986219CAEEF00C861DF /* Products */,
				FB239CBED7288F8CC8D7CE15 /* Pods */,
				5FC6DF64D69CCA5DB11F011D /* Frameworks */,
			);
			sourceTree = "<group>";
		};
		FB200986219CAEEF00C861DF /* Products */ = {
			isa = PBXGroup;
			children = (
				FB200985219CAEEF00C861DF /* WeatherApp!.app */,
			);
			name = Products;
			sourceTree = "<group>";
		};
		FB200987219CAEEF00C861DF /* WeatherApp! */ = {
			isa = PBXGroup;
			children = (
				FB20099B219CAF5300C861DF /* API */,
				FB20099A219CAF3A00C861DF /* Models */,
				FB20098A219CAEEF00C861DF /* ViewController.swift */,
				FB200988219CAEEF00C861DF /* AppDelegate.swift */,
				FB20098C219CAEEF00C861DF /* Main.storyboard */,
				FB20098F219CAEF000C861DF /* Assets.xcassets */,
				FB200991219CAEF000C861DF /* LaunchScreen.storyboard */,
				FB200994219CAEF000C861DF /* Info.plist */,
			);
			path = "WeatherApp!";
			sourceTree = "<group>";
		};
		FB20099A219CAF3A00C861DF /* Models */ = {
			isa = PBXGroup;
			children = (
				FBBC69DA219CB0F10003815C /* Location.swift */,
			);
			path = Models;
			sourceTree = "<group>";
		};
		FB20099B219CAF5300C861DF /* API */ = {
			isa = PBXGroup;
			children = (
				FBBC69DC219CB1170003815C /* APIKeys.swift */,
				FBBC69DE219CB1400003815C /* API Manager.swift */,
			);
			path = API;
			sourceTree = "<group>";
		};
		FB239CBED7288F8CC8D7CE15 /* Pods */ = {
			isa = PBXGroup;
			children = (
				D774E1D18D88ACF4F382054A /* Pods-WeatherApp!.debug.xcconfig */,
				76E4868E287CDDCE8DD3B478 /* Pods-WeatherApp!.release.xcconfig */,
			);
			name = Pods;
			sourceTree = "<group>";
		};
/* End PBXGroup section */

/* Begin PBXNativeTarget section */
		FB200984219CAEEF00C861DF /* WeatherApp! */ = {
			isa = PBXNativeTarget;
			buildConfigurationList = FB200997219CAEF000C861DF /* Build configuration list for PBXNativeTarget "WeatherApp!" */;
			buildPhases = (
				2F1265A823A2EC44A55F0780 /* [CP] Check Pods Manifest.lock */,
				FB200981219CAEEF00C861DF /* Sources */,
				FB200982219CAEEF00C861DF /* Frameworks */,
				FB200983219CAEEF00C861DF /* Resources */,
				904326053D4F01B8B3CBDF0B /* [CP] Embed Pods Frameworks */,
			);
			buildRules = (
			);
			dependencies = (
			);
			name = "WeatherApp!";
			productName = "WeatherApp!";
			productReference = FB200985219CAEEF00C861DF /* WeatherApp!.app */;
			productType = "com.apple.product-type.application";
		};
/* End PBXNativeTarget section */

/* Begin PBXProject section */
		FB20097D219CAEEF00C861DF /* Project object */ = {
			isa = PBXProject;
			attributes = {
				LastSwiftUpdateCheck = 1010;
				LastUpgradeCheck = 1010;
				ORGANIZATIONNAME = "Andrew Beauchamp";
				TargetAttributes = {
					FB200984219CAEEF00C861DF = {
						CreatedOnToolsVersion = 10.1;
					};
				};
			};
			buildConfigurationList = FB200980219CAEEF00C861DF /* Build configuration list for PBXProject "WeatherApp!" */;
			compatibilityVersion = "Xcode 9.3";
			developmentRegion = en;
			hasScannedForEncodings = 0;
			knownRegions = (
				en,
				Base,
			);
			mainGroup = FB20097C219CAEEF00C861DF;
			productRefGroup = FB200986219CAEEF00C861DF /* Products */;
			projectDirPath = "";
			projectRoot = "";
			targets = (
				FB200984219CAEEF00C861DF /* WeatherApp! */,
			);
		};
/* End PBXProject section */

/* Begin PBXResourcesBuildPhase section */
		FB200983219CAEEF00C861DF /* Resources */ = {
			isa = PBXResourcesBuildPhase;
			buildActionMask = 2147483647;
			files = (
				FB200993219CAEF000C861DF /* LaunchScreen.storyboard in Resources */,
				FB200990219CAEF000C861DF /* Assets.xcassets in Resources */,
				FB20098E219CAEEF00C861DF /* Main.storyboard in Resources */,
			);
			runOnlyForDeploymentPostprocessing = 0;
		};
/* End PBXResourcesBuildPhase section */

/* Begin PBXShellScriptBuildPhase section */
		2F1265A823A2EC44A55F0780 /* [CP] Check Pods Manifest.lock */ = {
			isa = PBXShellScriptBuildPhase;
			buildActionMask = 2147483647;
			files = (
			);
			inputPaths = (
				"${PODS_PODFILE_DIR_PATH}/Podfile.lock",
				"${PODS_ROOT}/Manifest.lock",
			);
			name = "[CP] Check Pods Manifest.lock";
			outputPaths = (
				"$(DERIVED_FILE_DIR)/Pods-WeatherApp!-checkManifestLockResult.txt",
			);
			runOnlyForDeploymentPostprocessing = 0;
			shellPath = /bin/sh;
			shellScript = "diff \"${PODS_PODFILE_DIR_PATH}/Podfile.lock\" \"${PODS_ROOT}/Manifest.lock\" > /dev/null\nif [ $? != 0 ] ; then\n    # print error to STDERR\n    echo \"error: The sandbox is not in sync with the Podfile.lock. Run 'pod install' or update your CocoaPods installation.\" >&2\n    exit 1\nfi\n# This output is used by Xcode 'outputs' to avoid re-running this script phase.\necho \"SUCCESS\" > \"${SCRIPT_OUTPUT_FILE_0}\"\n";
			showEnvVarsInLog = 0;
		};
		904326053D4F01B8B3CBDF0B /* [CP] Embed Pods Frameworks */ = {
			isa = PBXShellScriptBuildPhase;
			buildActionMask = 2147483647;
			files = (
			);
			inputPaths = (
				"${SRCROOT}/Pods/Target Support Files/Pods-WeatherApp!/Pods-WeatherApp!-frameworks.sh",
				"${BUILT_PRODUCTS_DIR}/Alamofire/Alamofire.framework",
				"${BUILT_PRODUCTS_DIR}/SwiftyJSON/SwiftyJSON.framework",
			);
			name = "[CP] Embed Pods Frameworks";
			outputPaths = (
				"${TARGET_BUILD_DIR}/${FRAMEWORKS_FOLDER_PATH}/Alamofire.framework",
				"${TARGET_BUILD_DIR}/${FRAMEWORKS_FOLDER_PATH}/SwiftyJSON.framework",
			);
			runOnlyForDeploymentPostprocessing = 0;
			shellPath = /bin/sh;
			shellScript = "\"${SRCROOT}/Pods/Target Support Files/Pods-WeatherApp!/Pods-WeatherApp!-frameworks.sh\"\n";
			showEnvVarsInLog = 0;
		};
/* End PBXShellScriptBuildPhase section */

/* Begin PBXSourcesBuildPhase section */
		FB200981219CAEEF00C861DF /* Sources */ = {
			isa = PBXSourcesBuildPhase;
			buildActionMask = 2147483647;
			files = (
				FB20098B219CAEEF00C861DF /* ViewController.swift in Sources */,
				FBBC69DB219CB0F10003815C /* Location.swift in Sources */,
				FBBC69DD219CB1170003815C /* APIKeys.swift in Sources */,
				FB200989219CAEEF00C861DF /* AppDelegate.swift in Sources */,
				FBBC69DF219CB1400003815C /* API Manager.swift in Sources */,
			);
			runOnlyForDeploymentPostprocessing = 0;
		};
/* End PBXSourcesBuildPhase section */

/* Begin PBXVariantGroup section */
		FB20098C219CAEEF00C861DF /* Main.storyboard */ = {
			isa = PBXVariantGroup;
			children = (
				FB20098D219CAEEF00C861DF /* Base */,
			);
			name = Main.storyboard;
			sourceTree = "<group>";
		};
		FB200991219CAEF000C861DF /* LaunchScreen.storyboard */ = {
			isa = PBXVariantGroup;
			children = (
				FB200992219CAEF000C861DF /* Base */,
			);
			name = LaunchScreen.storyboard;
			sourceTree = "<group>";
		};
/* End PBXVariantGroup section */

/* Begin XCBuildConfiguration section */
		FB200995219CAEF000C861DF /* Debug */ = {
			isa = XCBuildConfiguration;
			buildSettings = {
				ALWAYS_SEARCH_USER_PATHS = NO;
				CLANG_ANALYZER_NONNULL = YES;
				CLANG_ANALYZER_NUMBER_OBJECT_CONVERSION = YES_AGGRESSIVE;
				CLANG_CXX_LANGUAGE_STANDARD = "gnu++14";
				CLANG_CXX_LIBRARY = "libc++";
				CLANG_ENABLE_MODULES = YES;
				CLANG_ENABLE_OBJC_ARC = YES;
				CLANG_ENABLE_OBJC_WEAK = YES;
				CLANG_WARN_BLOCK_CAPTURE_AUTORELEASING = YES;
				CLANG_WARN_BOOL_CONVERSION = YES;
				CLANG_WARN_COMMA = YES;
				CLANG_WARN_CONSTANT_CONVERSION = YES;
				CLANG_WARN_DEPRECATED_OBJC_IMPLEMENTATIONS = YES;
				CLANG_WARN_DIRECT_OBJC_ISA_USAGE = YES_ERROR;
				CLANG_WARN_DOCUMENTATION_COMMENTS = YES;
				CLANG_WARN_EMPTY_BODY = YES;
				CLANG_WARN_ENUM_CONVERSION = YES;
				CLANG_WARN_INFINITE_RECURSION = YES;
				CLANG_WARN_INT_CONVERSION = YES;
				CLANG_WARN_NON_LITERAL_NULL_CONVERSION = YES;
				CLANG_WARN_OBJC_IMPLICIT_RETAIN_SELF = YES;
				CLANG_WARN_OBJC_LITERAL_CONVERSION = YES;
				CLANG_WARN_OBJC_ROOT_CLASS = YES_ERROR;
				CLANG_WARN_RANGE_LOOP_ANALYSIS = YES;
				CLANG_WARN_STRICT_PROTOTYPES = YES;
				CLANG_WARN_SUSPICIOUS_MOVE = YES;
				CLANG_WARN_UNGUARDED_AVAILABILITY = YES_AGGRESSIVE;
				CLANG_WARN_UNREACHABLE_CODE = YES;
				CLANG_WARN__DUPLICATE_METHOD_MATCH = YES;
				CODE_SIGN_IDENTITY = "iPhone Developer";
				COPY_PHASE_STRIP = NO;
				DEBUG_INFORMATION_FORMAT = dwarf;
				ENABLE_STRICT_OBJC_MSGSEND = YES;
				ENABLE_TESTABILITY = YES;
				GCC_C_LANGUAGE_STANDARD = gnu11;
				GCC_DYNAMIC_NO_PIC = NO;
				GCC_NO_COMMON_BLOCKS = YES;
				GCC_OPTIMIZATION_LEVEL = 0;
				GCC_PREPROCESSOR_DEFINITIONS = (
					"DEBUG=1",
					"$(inherited)",
				);
				GCC_WARN_64_TO_32_BIT_CONVERSION = YES;
				GCC_WARN_ABOUT_RETURN_TYPE = YES_ERROR;
				GCC_WARN_UNDECLARED_SELECTOR = YES;
				GCC_WARN_UNINITIALIZED_AUTOS = YES_AGGRESSIVE;
				GCC_WARN_UNUSED_FUNCTION = YES;
				GCC_WARN_UNUSED_VARIABLE = YES;
				IPHONEOS_DEPLOYMENT_TARGET = 12.1;
				MTL_ENABLE_DEBUG_INFO = INCLUDE_SOURCE;
				MTL_FAST_MATH = YES;
				ONLY_ACTIVE_ARCH = YES;
				SDKROOT = iphoneos;
				SWIFT_ACTIVE_COMPILATION_CONDITIONS = DEBUG;
				SWIFT_OPTIMIZATION_LEVEL = "-Onone";
			};
			name = Debug;
		};
		FB200996219CAEF000C861DF /* Release */ = {
			isa = XCBuildConfiguration;
			buildSettings = {
				ALWAYS_SEARCH_USER_PATHS = NO;
				CLANG_ANALYZER_NONNULL = YES;
				CLANG_ANALYZER_NUMBER_OBJECT_CONVERSION = YES_AGGRESSIVE;
				CLANG_CXX_LANGUAGE_STANDARD = "gnu++14";
				CLANG_CXX_LIBRARY = "libc++";
				CLANG_ENABLE_MODULES = YES;
				CLANG_ENABLE_OBJC_ARC = YES;
				CLANG_ENABLE_OBJC_WEAK = YES;
				CLANG_WARN_BLOCK_CAPTURE_AUTORELEASING = YES;
				CLANG_WARN_BOOL_CONVERSION = YES;
				CLANG_WARN_COMMA = YES;
				CLANG_WARN_CONSTANT_CONVERSION = YES;
				CLANG_WARN_DEPRECATED_OBJC_IMPLEMENTATIONS = YES;
				CLANG_WARN_DIRECT_OBJC_ISA_USAGE = YES_ERROR;
				CLANG_WARN_DOCUMENTATION_COMMENTS = YES;
				CLANG_WARN_EMPTY_BODY = YES;
				CLANG_WARN_ENUM_CONVERSION = YES;
				CLANG_WARN_INFINITE_RECURSION = YES;
				CLANG_WARN_INT_CONVERSION = YES;
				CLANG_WARN_NON_LITERAL_NULL_CONVERSION = YES;
				CLANG_WARN_OBJC_IMPLICIT_RETAIN_SELF = YES;
				CLANG_WARN_OBJC_LITERAL_CONVERSION = YES;
				CLANG_WARN_OBJC_ROOT_CLASS = YES_ERROR;
				CLANG_WARN_RANGE_LOOP_ANALYSIS = YES;
				CLANG_WARN_STRICT_PROTOTYPES = YES;
				CLANG_WARN_SUSPICIOUS_MOVE = YES;
				CLANG_WARN_UNGUARDED_AVAILABILITY = YES_AGGRESSIVE;
				CLANG_WARN_UNREACHABLE_CODE = YES;
				CLANG_WARN__DUPLICATE_METHOD_MATCH = YES;
				CODE_SIGN_IDENTITY = "iPhone Developer";
				COPY_PHASE_STRIP = NO;
				DEBUG_INFORMATION_FORMAT = "dwarf-with-dsym";
				ENABLE_NS_ASSERTIONS = NO;
				ENABLE_STRICT_OBJC_MSGSEND = YES;
				GCC_C_LANGUAGE_STANDARD = gnu11;
				GCC_NO_COMMON_BLOCKS = YES;
				GCC_WARN_64_TO_32_BIT_CONVERSION = YES;
				GCC_WARN_ABOUT_RETURN_TYPE = YES_ERROR;
				GCC_WARN_UNDECLARED_SELECTOR = YES;
				GCC_WARN_UNINITIALIZED_AUTOS = YES_AGGRESSIVE;
				GCC_WARN_UNUSED_FUNCTION = YES;
				GCC_WARN_UNUSED_VARIABLE = YES;
				IPHONEOS_DEPLOYMENT_TARGET = 12.1;
				MTL_ENABLE_DEBUG_INFO = NO;
				MTL_FAST_MATH = YES;
				SDKROOT = iphoneos;
				SWIFT_COMPILATION_MODE = wholemodule;
				SWIFT_OPTIMIZATION_LEVEL = "-O";
				VALIDATE_PRODUCT = YES;
			};
			name = Release;
		};
		FB200998219CAEF000C861DF /* Debug */ = {
			isa = XCBuildConfiguration;
			baseConfigurationReference = D774E1D18D88ACF4F382054A /* Pods-WeatherApp!.debug.xcconfig */;
			buildSettings = {
				ASSETCATALOG_COMPILER_APPICON_NAME = AppIcon;
				CODE_SIGN_STYLE = Automatic;
				INFOPLIST_FILE = "WeatherApp!/Info.plist";
				LD_RUNPATH_SEARCH_PATHS = (
					"$(inherited)",
					"@executable_path/Frameworks",
				);
				PRODUCT_BUNDLE_IDENTIFIER = "Andrew-Beauchamp.WeatherApp-";
				PRODUCT_NAME = "$(TARGET_NAME)";
				SWIFT_VERSION = 4.2;
				TARGETED_DEVICE_FAMILY = "1,2";
			};
			name = Debug;
		};
		FB200999219CAEF000C861DF /* Release */ = {
			isa = XCBuildConfiguration;
			baseConfigurationReference = 76E4868E287CDDCE8DD3B478 /* Pods-WeatherApp!.release.xcconfig */;
			buildSettings = {
				ASSETCATALOG_COMPILER_APPICON_NAME = AppIcon;
				CODE_SIGN_STYLE = Automatic;
				INFOPLIST_FILE = "WeatherApp!/Info.plist";
				LD_RUNPATH_SEARCH_PATHS = (
					"$(inherited)",
					"@executable_path/Frameworks",
				);
				PRODUCT_BUNDLE_IDENTIFIER = "Andrew-Beauchamp.WeatherApp-";
				PRODUCT_NAME = "$(TARGET_NAME)";
				SWIFT_VERSION = 4.2;
				TARGETED_DEVICE_FAMILY = "1,2";
			};
			name = Release;
		};
/* End XCBuildConfiguration section */

/* Begin XCConfigurationList section */
		FB200980219CAEEF00C861DF /* Build configuration list for PBXProject "WeatherApp!" */ = {
			isa = XCConfigurationList;
			buildConfigurations = (
				FB200995219CAEF000C861DF /* Debug */,
				FB200996219CAEF000C861DF /* Release */,
			);
			defaultConfigurationIsVisible = 0;
			defaultConfigurationName = Release;
		};
		FB200997219CAEF000C861DF /* Build configuration list for PBXNativeTarget "WeatherApp!" */ = {
			isa = XCConfigurationList;
			buildConfigurations = (
				FB200998219CAEF000C861DF /* Debug */,
				FB200999219CAEF000C861DF /* Release */,
			);
			defaultConfigurationIsVisible = 0;
			defaultConfigurationName = Release;
		};
/* End XCConfigurationList section */
	};
	rootObject = FB20097D219CAEEF00C861DF /* Project object */;
}
